
Microsoft Visual Studio Solution File, Format Version 12.00
# Visual Studio Version 17
VisualStudioVersion = 17.2.32516.85
MinimumVisualStudioVersion = 10.0.40219.1
Project("{FAE04EC0-301F-11D3-BF4B-00C04F79EFBC}") = "bingoApp", "bingoApp\bingoApp.csproj", "{C3F343AF-E966-41E6-8AFA-F07A708E6041}"
EndProject
Global
	GlobalSection(SolutionConfigurationPlatforms) = preSolution
		Debug|Any CPU = Debug|Any CPU
		Release|Any CPU = Release|Any CPU
	EndGlobalSection
	GlobalSection(ProjectConfigurationPlatforms) = postSolution
		{C3F343AF-E966-41E6-8AFA-F07A708E6041}.Debug|Any CPU.ActiveCfg = Debug|Any CPU
		{C3F343AF-E966-41E6-8AFA-F07A708E6041}.Debug|Any CPU.Build.0 = Debug|Any CPU
		{C3F343AF-E966-41E6-8AFA-F07A708E6041}.Release|Any CPU.ActiveCfg = Release|Any CPU
		{C3F343AF-E966-41E6-8AFA-F07A708E6041}.Release|Any CPU.Build.0 = Release|Any CPU
	EndGlobalSection
	GlobalSection(SolutionProperties) = preSolution
		HideSolutionNode = FALSE
	EndGlobalSection
	GlobalSection(ExtensibilityGlobals) = postSolution
		SolutionGuid = {6C27E766-2E16-4CDE-881B-7539E46BF0A4}
	EndGlobalSection
EndGlobal
